#MicroXplorer Configuration settings - do not modify
#Sat Mar 21 14:21:00 ICT 2015
ADC.Channel=ADC_CHANNEL_0
ADC.Channel-4\#ChannelRegularConversion=ADC_CHANNEL_0
ADC.Channel-5\#ChannelRegularConversion=ADC_CHANNEL_1
ADC.Channel-6\#ChannelRegularConversion=ADC_CHANNEL_0
ADC.Channel-7\#ChannelRegularConversion=ADC_CHANNEL_1
ADC.ContinuousConvMode=ENABLE
ADC.DMAContinuousRequests=ENABLE
ADC.IPParameters=Rank-7\#ChannelRegularConversion,SamplingTime-5\#ChannelRegularConversion,SamplingTime-7\#ChannelRegularConversion,NbrOfConversion,Channel-6\#ChannelRegularConversion,Channel,SamplingTime-6\#ChannelRegularConversion,Channel-7\#ChannelRegularConversion,SamplingTime-4\#ChannelRegularConversion,Rank-5\#ChannelRegularConversion,DMAContinuousRequests,Rank-6\#ChannelRegularConversion,NbrOfConversionFlag,ContinuousConvMode,Channel-5\#ChannelRegularConversion,Channel-4\#ChannelRegularConversion,Rank-4\#ChannelRegularConversion
ADC.NbrOfConversion=4
ADC.NbrOfConversionFlag=1
ADC.Rank-4\#ChannelRegularConversion=1
ADC.Rank-5\#ChannelRegularConversion=2
ADC.Rank-6\#ChannelRegularConversion=3
ADC.Rank-7\#ChannelRegularConversion=4
ADC.SamplingTime-4\#ChannelRegularConversion=ADC_SAMPLETIME_1CYCLE_5
ADC.SamplingTime-5\#ChannelRegularConversion=ADC_SAMPLETIME_1CYCLE_5
ADC.SamplingTime-6\#ChannelRegularConversion=ADC_SAMPLETIME_1CYCLE_5
ADC.SamplingTime-7\#ChannelRegularConversion=ADC_SAMPLETIME_1CYCLE_5
Dma.ADC.0.Direction=DMA_PERIPH_TO_MEMORY
Dma.ADC.0.Instance=DMA1_Channel1
Dma.ADC.0.MemDataAlignment=DMA_MDATAALIGN_HALFWORD
Dma.ADC.0.MemInc=DMA_MINC_ENABLE
Dma.ADC.0.Mode=DMA_CIRCULAR
Dma.ADC.0.PeriphDataAlignment=DMA_PDATAALIGN_HALFWORD
Dma.ADC.0.PeriphInc=DMA_PINC_DISABLE
Dma.ADC.0.Priority=DMA_PRIORITY_LOW
Dma.ADC.0.RequestParameters=Instance,Direction,PeriphInc,MemInc,PeriphDataAlignment,MemDataAlignment,Mode,Priority
Dma.Request0=ADC
Dma.RequestsNb=1
File.Version=5
KeepUserPlacement=false
Mcu.Family=STM32F0
Mcu.IP0=ADC
Mcu.IP1=DMA
Mcu.IP2=NVIC
Mcu.IP3=RCC
Mcu.IP4=SYS
Mcu.IP5=TIM3
Mcu.IP6=TIM17
Mcu.IPNb=7
Mcu.Name=STM32F030F4Px
Mcu.Package=TSSOP20
Mcu.Pin0=PF0-OSC_IN
Mcu.Pin1=PF1-OSC_OUT
Mcu.Pin10=PB1
Mcu.Pin11=PA9
Mcu.Pin12=PA10
Mcu.Pin13=PA13
Mcu.Pin14=PA14
Mcu.Pin15=VP_TIM17_VS_ClockSourceINT
Mcu.Pin2=PA0
Mcu.Pin3=PA1
Mcu.Pin4=PA2
Mcu.Pin5=PA3
Mcu.Pin6=PA4
Mcu.Pin7=PA5
Mcu.Pin8=PA6
Mcu.Pin9=PA7
Mcu.PinsNb=16
Mcu.UserName=STM32F030F4Px
MxCube.Version=4.6.0
MxDb.Version=DB.4.0.60
NVIC.SysTick_IRQn=true\:0\:0\:false
NVIC.TIM17_IRQn=true\:1\:0\:true
PA0.Locked=true
PA0.Mode=IN0
PA0.Signal=ADC_IN0
PA1.GPIOParameters=GPIO_Label,GPIO_PuPd,GPIO_Mode
PA1.GPIO_Label=Icurrent
PA1.GPIO_Mode=GPIO_MODE_ANALOG
PA1.GPIO_PuPd=GPIO_NOPULL
PA1.Locked=true
PA1.Mode=IN1
PA1.Signal=ADC_IN1
PA10.Locked=true
PA10.Signal=GPIO_Output
PA13.Locked=true
PA13.Mode=Serial-WireDebug
PA13.Signal=SYS_SWDIO
PA14.Locked=true
PA14.Mode=Serial-WireDebug
PA14.Signal=SYS_SWCLK
PA2.GPIOParameters=GPIO_Label,GPIO_PuPd,GPIO_Mode
PA2.GPIO_Label=direction
PA2.GPIO_Mode=GPIO_MODE_INPUT
PA2.GPIO_PuPd=GPIO_PULLDOWN
PA2.Locked=true
PA2.Signal=GPIO_Input
PA3.GPIOParameters=GPIO_Label,GPIO_PuPd,GPIO_Mode
PA3.GPIO_Label=enable
PA3.GPIO_Mode=GPIO_MODE_INPUT
PA3.GPIO_PuPd=GPIO_PULLDOWN
PA3.Locked=true
PA3.Signal=GPIO_Input
PA4.Locked=true
PA4.Signal=GPIO_Output
PA5.Locked=true
PA5.Signal=GPIO_Output
PA6.Locked=true
PA6.Signal=S_TIM3_CH1
PA7.Locked=true
PA7.Signal=S_TIM3_CH2
PA9.Locked=true
PA9.Signal=GPIO_Output
PB1.Locked=true
PB1.Signal=GPIO_Output
PCC.Family=STM32F0
PCC.MCU=STM32F030F4Px
PCC.MXVersion=4.6.0
PCC.PartNumber=STM32F030F4Px
PCC.Seq0=0
PCC.SubFamily=STM32F0x0 Value Line
PCC.Temperature=25
PCC.Vdd=3.6
PF0-OSC_IN.Locked=true
PF0-OSC_IN.Signal=GPIO_Output
PF1-OSC_OUT.Locked=true
PF1-OSC_OUT.Signal=GPIO_Output
ProjectManager.AskForMigrate=true
ProjectManager.BackupPrevious=false
ProjectManager.CompilerOptimize=2
ProjectManager.ComputerToolchain=false
ProjectManager.CoupleFile=false
ProjectManager.DeletePrevious=true
ProjectManager.DeviceId=STM32F030F4Px
ProjectManager.FirmwarePackage=STM32Cube FW_F0 V1.2.1
ProjectManager.FreePins=false
ProjectManager.HalAssertFull=false
ProjectManager.KeepUserCode=true
ProjectManager.LastFirmware=true
ProjectManager.LibraryCopy=1
ProjectManager.ProjectBuild=false
ProjectManager.ProjectFileName=current_control_drive.ioc
ProjectManager.ProjectName=current_control_drive
ProjectManager.TargetToolchain=MDK-ARM 4.73
ProjectManager.ToolChainLocation=
RCC.AHBFreq_Value=48000000
RCC.APB1Freq_Value=48000000
RCC.APB1TimFreq_Value=48000000
RCC.FCLKCortexFreq_Value=48000000
RCC.FamilyName=M
RCC.HCLKFreq_Value=48000000
RCC.IPParameters=HCLKFreq_Value,SYSCLKFreq_VALUE,FamilyName,PLLCLKFreq_Value,SYSCLKSource,FCLKCortexFreq_Value,PLLMUL,APB1TimFreq_Value,APB1Freq_Value,USART1Freq_Value,AHBFreq_Value,TimSysFreq_Value
RCC.PLLCLKFreq_Value=48000000
RCC.PLLMUL=RCC_PLL_MUL12
RCC.SYSCLKFreq_VALUE=48000000
RCC.SYSCLKSource=RCC_SYSCLKSOURCE_PLLCLK
RCC.TimSysFreq_Value=6000000
RCC.USART1Freq_Value=48000000
SH.S_TIM3_CH1.0=TIM3_CH1,PWM Generation1 CH1
SH.S_TIM3_CH1.ConfNb=1
SH.S_TIM3_CH2.0=TIM3_CH2,PWM Generation2 CH2
SH.S_TIM3_CH2.ConfNb=1
TIM17.IPParameters=Period,Prescaler
TIM17.Period=2399
TIM17.Prescaler=0
TIM3.Channel-PWM\ Generation2\ CH2=TIM_CHANNEL_2
TIM3.IPParameters=Period,Prescaler,Channel-PWM Generation2 CH2
TIM3.Period=2399
TIM3.Prescaler=0
VP_TIM17_VS_ClockSourceINT.Mode=Enable_Timer
VP_TIM17_VS_ClockSourceINT.Signal=TIM17_VS_ClockSourceINT
